
Microsoft Visual Studio Solution File, Format Version 12.00
# Visual Studio 15
VisualStudioVersion = 15.0.27130.2003
MinimumVisualStudioVersion = 10.0.40219.1
Project("{9A19103F-16F7-4668-BE54-9A1E7A4F7556}") = "EntityCoreCheck", "EntityCoreCheck\EntityCoreCheck.csproj", "{36620BD7-A90A-470C-84BE-17EF71BE33CF}"
EndProject
Project("{FAE04EC0-301F-11D3-BF4B-00C04F79EFBC}") = "EntityCoreCheck.Db", "EntityCoreCheck.Db\EntityCoreCheck.Db.csproj", "{62992ECB-0E7B-486D-8AE9-B5E32F7763FB}"
EndProject
Global
	GlobalSection(SolutionConfigurationPlatforms) = preSolution
		Debug|Any CPU = Debug|Any CPU
		Release|Any CPU = Release|Any CPU
	EndGlobalSection
	GlobalSection(ProjectConfigurationPlatforms) = postSolution
		{36620BD7-A90A-470C-84BE-17EF71BE33CF}.Debug|Any CPU.ActiveCfg = Debug|Any CPU
		{36620BD7-A90A-470C-84BE-17EF71BE33CF}.Debug|Any CPU.Build.0 = Debug|Any CPU
		{36620BD7-A90A-470C-84BE-17EF71BE33CF}.Release|Any CPU.ActiveCfg = Release|Any CPU
		{36620BD7-A90A-470C-84BE-17EF71BE33CF}.Release|Any CPU.Build.0 = Release|Any CPU
		{62992ECB-0E7B-486D-8AE9-B5E32F7763FB}.Debug|Any CPU.ActiveCfg = Debug|Any CPU
		{62992ECB-0E7B-486D-8AE9-B5E32F7763FB}.Debug|Any CPU.Build.0 = Debug|Any CPU
		{62992ECB-0E7B-486D-8AE9-B5E32F7763FB}.Release|Any CPU.ActiveCfg = Release|Any CPU
		{62992ECB-0E7B-486D-8AE9-B5E32F7763FB}.Release|Any CPU.Build.0 = Release|Any CPU
	EndGlobalSection
	GlobalSection(SolutionProperties) = preSolution
		HideSolutionNode = FALSE
	EndGlobalSection
	GlobalSection(ExtensibilityGlobals) = postSolution
		SolutionGuid = {72400C3A-97E4-4799-88A8-F6995BACE7EC}
	EndGlobalSection
EndGlobal
